// !$*UTF8*$!
{
	archiveVersion = 1;
	classes = {
	};
	objectVersion = 50;
	objects = {

/* Begin PBXBuildFile section */
		0BF441FF21DD77AB004AEDFB /* AppDelegate.swift in Sources */ = {isa = PBXBuildFile; fileRef = 0BF441FE21DD77AB004AEDFB /* AppDelegate.swift */; };
		0BF4420121DD77AB004AEDFB /* QuestionViewController.swift in Sources */ = {isa = PBXBuildFile; fileRef = 0BF4420021DD77AB004AEDFB /* QuestionViewController.swift */; };
		0BF4420421DD77AB004AEDFB /* Main.storyboard in Resources */ = {isa = PBXBuildFile; fileRef = 0BF4420221DD77AB004AEDFB /* Main.storyboard */; };
		0BF4421621DD78F8004AEDFB /* Question.swift in Sources */ = {isa = PBXBuildFile; fileRef = 0BF4421521DD78F8004AEDFB /* Question.swift */; };
		0BF4421821DD7956004AEDFB /* QuestionGroup.swift in Sources */ = {isa = PBXBuildFile; fileRef = 0BF4421721DD7956004AEDFB /* QuestionGroup.swift */; };
		0BF4421C21DD7A83004AEDFB /* QuestionGroupData.swift in Sources */ = {isa = PBXBuildFile; fileRef = 0BF4421921DD7A83004AEDFB /* QuestionGroupData.swift */; };
		0BF4421D21DD7A83004AEDFB /* Assets.xcassets in Resources */ = {isa = PBXBuildFile; fileRef = 0BF4421A21DD7A83004AEDFB /* Assets.xcassets */; };
		0BF4421E21DD7A83004AEDFB /* LaunchScreen.storyboard in Resources */ = {isa = PBXBuildFile; fileRef = 0BF4421B21DD7A83004AEDFB /* LaunchScreen.storyboard */; };
		0BF4422021DD7B51004AEDFB /* QuestionView.swift in Sources */ = {isa = PBXBuildFile; fileRef = 0BF4421F21DD7B51004AEDFB /* QuestionView.swift */; };
/* End PBXBuildFile section */

/* Begin PBXFileReference section */
		0BF441FB21DD77AB004AEDFB /* mvc-rw.app */ = {isa = PBXFileReference; explicitFileType = wrapper.application; includeInIndex = 0; path = "mvc-rw.app"; sourceTree = BUILT_PRODUCTS_DIR; };
		0BF441FE21DD77AB004AEDFB /* AppDelegate.swift */ = {isa = PBXFileReference; lastKnownFileType = sourcecode.swift; path = AppDelegate.swift; sourceTree = "<group>"; };
		0BF4420021DD77AB004AEDFB /* QuestionViewController.swift */ = {isa = PBXFileReference; lastKnownFileType = sourcecode.swift; path = QuestionViewController.swift; sourceTree = "<group>"; };
		0BF4420321DD77AB004AEDFB /* Base */ = {isa = PBXFileReference; lastKnownFileType = file.storyboard; name = Base; path = Base.lproj/Main.storyboard; sourceTree = "<group>"; };
		0BF4420A21DD77AD004AEDFB /* Info.plist */ = {isa = PBXFileReference; lastKnownFileType = text.plist.xml; path = Info.plist; sourceTree = "<group>"; };
		0BF4421521DD78F8004AEDFB /* Question.swift */ = {isa = PBXFileReference; lastKnownFileType = sourcecode.swift; path = Question.swift; sourceTree = "<group>"; };
		0BF4421721DD7956004AEDFB /* QuestionGroup.swift */ = {isa = PBXFileReference; lastKnownFileType = sourcecode.swift; path = QuestionGroup.swift; sourceTree = "<group>"; };
		0BF4421921DD7A83004AEDFB /* QuestionGroupData.swift */ = {isa = PBXFileReference; fileEncoding = 4; lastKnownFileType = sourcecode.swift; path = QuestionGroupData.swift; sourceTree = "<group>"; };
		0BF4421A21DD7A83004AEDFB /* Assets.xcassets */ = {isa = PBXFileReference; lastKnownFileType = folder.assetcatalog; name = Assets.xcassets; path = "../../../../../Desktop/Design_Patterns_by_Tutorials_v2.0/03-model-view-controller-pattern/resources/Assets.xcassets"; sourceTree = "<group>"; };
		0BF4421B21DD7A83004AEDFB /* LaunchScreen.storyboard */ = {isa = PBXFileReference; fileEncoding = 4; lastKnownFileType = file.storyboard; path = LaunchScreen.storyboard; sourceTree = "<group>"; };
		0BF4421F21DD7B51004AEDFB /* QuestionView.swift */ = {isa = PBXFileReference; lastKnownFileType = sourcecode.swift; path = QuestionView.swift; sourceTree = "<group>"; };
/* End PBXFileReference section */

/* Begin PBXFrameworksBuildPhase section */
		0BF441F821DD77AB004AEDFB /* Frameworks */ = {
			isa = PBXFrameworksBuildPhase;
			buildActionMask = 2147483647;
			files = (
			);
			runOnlyForDeploymentPostprocessing = 0;
		};
/* End PBXFrameworksBuildPhase section */

/* Begin PBXGroup section */
		0BF441F221DD77AB004AEDFB = {
			isa = PBXGroup;
			children = (
				0BF441FD21DD77AB004AEDFB /* mvc-rw */,
				0BF441FC21DD77AB004AEDFB /* Products */,
			);
			sourceTree = "<group>";
		};
		0BF441FC21DD77AB004AEDFB /* Products */ = {
			isa = PBXGroup;
			children = (
				0BF441FB21DD77AB004AEDFB /* mvc-rw.app */,
			);
			name = Products;
			sourceTree = "<group>";
		};
		0BF441FD21DD77AB004AEDFB /* mvc-rw */ = {
			isa = PBXGroup;
			children = (
				0BF4421021DD7807004AEDFB /* AppDelegate */,
				0BF4421121DD782B004AEDFB /* Controllers */,
				0BF4421221DD7833004AEDFB /* Models */,
				0BF4421421DD7852004AEDFB /* Resources */,
				0BF4421321DD7838004AEDFB /* Views */,
			);
			path = "mvc-rw";
			sourceTree = "<group>";
		};
		0BF4421021DD7807004AEDFB /* AppDelegate */ = {
			isa = PBXGroup;
			children = (
				0BF441FE21DD77AB004AEDFB /* AppDelegate.swift */,
			);
			path = AppDelegate;
			sourceTree = "<group>";
		};
		0BF4421121DD782B004AEDFB /* Controllers */ = {
			isa = PBXGroup;
			children = (
				0BF4420021DD77AB004AEDFB /* QuestionViewController.swift */,
			);
			path = Controllers;
			sourceTree = "<group>";
		};
		0BF4421221DD7833004AEDFB /* Models */ = {
			isa = PBXGroup;
			children = (
				0BF4421521DD78F8004AEDFB /* Question.swift */,
				0BF4421721DD7956004AEDFB /* QuestionGroup.swift */,
				0BF4421921DD7A83004AEDFB /* QuestionGroupData.swift */,
			);
			path = Models;
			sourceTree = "<group>";
		};
		0BF4421321DD7838004AEDFB /* Views */ = {
			isa = PBXGroup;
			children = (
				0BF4420221DD77AB004AEDFB /* Main.storyboard */,
				0BF4421B21DD7A83004AEDFB /* LaunchScreen.storyboard */,
				0BF4421F21DD7B51004AEDFB /* QuestionView.swift */,
			);
			path = Views;
			sourceTree = "<group>";
		};
		0BF4421421DD7852004AEDFB /* Resources */ = {
			isa = PBXGroup;
			children = (
				0BF4421A21DD7A83004AEDFB /* Assets.xcassets */,
				0BF4420A21DD77AD004AEDFB /* Info.plist */,
			);
			path = Resources;
			sourceTree = "<group>";
		};
/* End PBXGroup section */

/* Begin PBXNativeTarget section */
		0BF441FA21DD77AB004AEDFB /* mvc-rw */ = {
			isa = PBXNativeTarget;
			buildConfigurationList = 0BF4420D21DD77AD004AEDFB /* Build configuration list for PBXNativeTarget "mvc-rw" */;
			buildPhases = (
				0BF441F721DD77AB004AEDFB /* Sources */,
				0BF441F821DD77AB004AEDFB /* Frameworks */,
				0BF441F921DD77AB004AEDFB /* Resources */,
			);
			buildRules = (
			);
			dependencies = (
			);
			name = "mvc-rw";
			productName = "mvc-rw";
			productReference = 0BF441FB21DD77AB004AEDFB /* mvc-rw.app */;
			productType = "com.apple.product-type.application";
		};
/* End PBXNativeTarget section */

/* Begin PBXProject section */
		0BF441F321DD77AB004AEDFB /* Project object */ = {
			isa = PBXProject;
			attributes = {
				LastSwiftUpdateCheck = 1010;
				LastUpgradeCheck = 1010;
				ORGANIZATIONNAME = "Hoff Henry Pereira da Silva";
				TargetAttributes = {
					0BF441FA21DD77AB004AEDFB = {
						CreatedOnToolsVersion = 10.1;
					};
				};
			};
			buildConfigurationList = 0BF441F621DD77AB004AEDFB /* Build configuration list for PBXProject "mvc-rw" */;
			compatibilityVersion = "Xcode 9.3";
			developmentRegion = en;
			hasScannedForEncodings = 0;
			knownRegions = (
				en,
				Base,
			);
			mainGroup = 0BF441F221DD77AB004AEDFB;
			productRefGroup = 0BF441FC21DD77AB004AEDFB /* Products */;
			projectDirPath = "";
			projectRoot = "";
			targets = (
				0BF441FA21DD77AB004AEDFB /* mvc-rw */,
			);
		};
/* End PBXProject section */

/* Begin PBXResourcesBuildPhase section */
		0BF441F921DD77AB004AEDFB /* Resources */ = {
			isa = PBXResourcesBuildPhase;
			buildActionMask = 2147483647;
			files = (
				0BF4421D21DD7A83004AEDFB /* Assets.xcassets in Resources */,
				0BF4421E21DD7A83004AEDFB /* LaunchScreen.storyboard in Resources */,
				0BF4420421DD77AB004AEDFB /* Main.storyboard in Resources */,
			);
			runOnlyForDeploymentPostprocessing = 0;
		};
/* End PBXResourcesBuildPhase section */

/* Begin PBXSourcesBuildPhase section */
		0BF441F721DD77AB004AEDFB /* Sources */ = {
			isa = PBXSourcesBuildPhase;
			buildActionMask = 2147483647;
			files = (
				0BF4421621DD78F8004AEDFB /* Question.swift in Sources */,
				0BF4420121DD77AB004AEDFB /* QuestionViewController.swift in Sources */,
				0BF441FF21DD77AB004AEDFB /* AppDelegate.swift in Sources */,
				0BF4421821DD7956004AEDFB /* QuestionGroup.swift in Sources */,
				0BF4422021DD7B51004AEDFB /* QuestionView.swift in Sources */,
				0BF4421C21DD7A83004AEDFB /* QuestionGroupData.swift in Sources */,
			);
			runOnlyForDeploymentPostprocessing = 0;
		};
/* End PBXSourcesBuildPhase section */

/* Begin PBXVariantGroup section */
		0BF4420221DD77AB004AEDFB /* Main.storyboard */ = {
			isa = PBXVariantGroup;
			children = (
				0BF4420321DD77AB004AEDFB /* Base */,
			);
			name = Main.storyboard;
			sourceTree = "<group>";
		};
/* End PBXVariantGroup section */

/* Begin XCBuildConfiguration section */
		0BF4420B21DD77AD004AEDFB /* Debug */ = {
			isa = XCBuildConfiguration;
			buildSettings = {
				ALWAYS_SEARCH_USER_PATHS = NO;
				CLANG_ANALYZER_NONNULL = YES;
				CLANG_ANALYZER_NUMBER_OBJECT_CONVERSION = YES_AGGRESSIVE;
				CLANG_CXX_LANGUAGE_STANDARD = "gnu++14";
				CLANG_CXX_LIBRARY = "libc++";
				CLANG_ENABLE_MODULES = YES;
				CLANG_ENABLE_OBJC_ARC = YES;
				CLANG_ENABLE_OBJC_WEAK = YES;
				CLANG_WARN_BLOCK_CAPTURE_AUTORELEASING = YES;
				CLANG_WARN_BOOL_CONVERSION = YES;
				CLANG_WARN_COMMA = YES;
				CLANG_WARN_CONSTANT_CONVERSION = YES;
				CLANG_WARN_DEPRECATED_OBJC_IMPLEMENTATIONS = YES;
				CLANG_WARN_DIRECT_OBJC_ISA_USAGE = YES_ERROR;
				CLANG_WARN_DOCUMENTATION_COMMENTS = YES;
				CLANG_WARN_EMPTY_BODY = YES;
				CLANG_WARN_ENUM_CONVERSION = YES;
				CLANG_WARN_INFINITE_RECURSION = YES;
				CLANG_WARN_INT_CONVERSION = YES;
				CLANG_WARN_NON_LITERAL_NULL_CONVERSION = YES;
				CLANG_WARN_OBJC_IMPLICIT_RETAIN_SELF = YES;
				CLANG_WARN_OBJC_LITERAL_CONVERSION = YES;
				CLANG_WARN_OBJC_ROOT_CLASS = YES_ERROR;
				CLANG_WARN_RANGE_LOOP_ANALYSIS = YES;
				CLANG_WARN_STRICT_PROTOTYPES = YES;
				CLANG_WARN_SUSPICIOUS_MOVE = YES;
				CLANG_WARN_UNGUARDED_AVAILABILITY = YES_AGGRESSIVE;
				CLANG_WARN_UNREACHABLE_CODE = YES;
				CLANG_WARN__DUPLICATE_METHOD_MATCH = YES;
				CODE_SIGN_IDENTITY = "iPhone Developer";
				COPY_PHASE_STRIP = NO;
				DEBUG_INFORMATION_FORMAT = dwarf;
				ENABLE_STRICT_OBJC_MSGSEND = YES;
				ENABLE_TESTABILITY = YES;
				GCC_C_LANGUAGE_STANDARD = gnu11;
				GCC_DYNAMIC_NO_PIC = NO;
				GCC_NO_COMMON_BLOCKS = YES;
				GCC_OPTIMIZATION_LEVEL = 0;
				GCC_PREPROCESSOR_DEFINITIONS = (
					"DEBUG=1",
					"$(inherited)",
				);
				GCC_WARN_64_TO_32_BIT_CONVERSION = YES;
				GCC_WARN_ABOUT_RETURN_TYPE = YES_ERROR;
				GCC_WARN_UNDECLARED_SELECTOR = YES;
				GCC_WARN_UNINITIALIZED_AUTOS = YES_AGGRESSIVE;
				GCC_WARN_UNUSED_FUNCTION = YES;
				GCC_WARN_UNUSED_VARIABLE = YES;
				IPHONEOS_DEPLOYMENT_TARGET = 12.1;
				MTL_ENABLE_DEBUG_INFO = INCLUDE_SOURCE;
				MTL_FAST_MATH = YES;
				ONLY_ACTIVE_ARCH = YES;
				SDKROOT = iphoneos;
				SWIFT_ACTIVE_COMPILATION_CONDITIONS = DEBUG;
				SWIFT_OPTIMIZATION_LEVEL = "-Onone";
			};
			name = Debug;
		};
		0BF4420C21DD77AD004AEDFB /* Release */ = {
			isa = XCBuildConfiguration;
			buildSettings = {
				ALWAYS_SEARCH_USER_PATHS = NO;
				CLANG_ANALYZER_NONNULL = YES;
				CLANG_ANALYZER_NUMBER_OBJECT_CONVERSION = YES_AGGRESSIVE;
				CLANG_CXX_LANGUAGE_STANDARD = "gnu++14";
				CLANG_CXX_LIBRARY = "libc++";
				CLANG_ENABLE_MODULES = YES;
				CLANG_ENABLE_OBJC_ARC = YES;
				CLANG_ENABLE_OBJC_WEAK = YES;
				CLANG_WARN_BLOCK_CAPTURE_AUTORELEASING = YES;
				CLANG_WARN_BOOL_CONVERSION = YES;
				CLANG_WARN_COMMA = YES;
				CLANG_WARN_CONSTANT_CONVERSION = YES;
				CLANG_WARN_DEPRECATED_OBJC_IMPLEMENTATIONS = YES;
				CLANG_WARN_DIRECT_OBJC_ISA_USAGE = YES_ERROR;
				CLANG_WARN_DOCUMENTATION_COMMENTS = YES;
				CLANG_WARN_EMPTY_BODY = YES;
				CLANG_WARN_ENUM_CONVERSION = YES;
				CLANG_WARN_INFINITE_RECURSION = YES;
				CLANG_WARN_INT_CONVERSION = YES;
				CLANG_WARN_NON_LITERAL_NULL_CONVERSION = YES;
				CLANG_WARN_OBJC_IMPLICIT_RETAIN_SELF = YES;
				CLANG_WARN_OBJC_LITERAL_CONVERSION = YES;
				CLANG_WARN_OBJC_ROOT_CLASS = YES_ERROR;
				CLANG_WARN_RANGE_LOOP_ANALYSIS = YES;
				CLANG_WARN_STRICT_PROTOTYPES = YES;
				CLANG_WARN_SUSPICIOUS_MOVE = YES;
				CLANG_WARN_UNGUARDED_AVAILABILITY = YES_AGGRESSIVE;
				CLANG_WARN_UNREACHABLE_CODE = YES;
				CLANG_WARN__DUPLICATE_METHOD_MATCH = YES;
				CODE_SIGN_IDENTITY = "iPhone Developer";
				COPY_PHASE_STRIP = NO;
				DEBUG_INFORMATION_FORMAT = "dwarf-with-dsym";
				ENABLE_NS_ASSERTIONS = NO;
				ENABLE_STRICT_OBJC_MSGSEND = YES;
				GCC_C_LANGUAGE_STANDARD = gnu11;
				GCC_NO_COMMON_BLOCKS = YES;
				GCC_WARN_64_TO_32_BIT_CONVERSION = YES;
				GCC_WARN_ABOUT_RETURN_TYPE = YES_ERROR;
				GCC_WARN_UNDECLARED_SELECTOR = YES;
				GCC_WARN_UNINITIALIZED_AUTOS = YES_AGGRESSIVE;
				GCC_WARN_UNUSED_FUNCTION = YES;
				GCC_WARN_UNUSED_VARIABLE = YES;
				IPHONEOS_DEPLOYMENT_TARGET = 12.1;
				MTL_ENABLE_DEBUG_INFO = NO;
				MTL_FAST_MATH = YES;
				SDKROOT = iphoneos;
				SWIFT_COMPILATION_MODE = wholemodule;
				SWIFT_OPTIMIZATION_LEVEL = "-O";
				VALIDATE_PRODUCT = YES;
			};
			name = Release;
		};
		0BF4420E21DD77AD004AEDFB /* Debug */ = {
			isa = XCBuildConfiguration;
			buildSettings = {
				ASSETCATALOG_COMPILER_APPICON_NAME = AppIcon;
				CODE_SIGN_STYLE = Automatic;
				DEVELOPMENT_TEAM = C434CHPZ37;
				INFOPLIST_FILE = "$(SRCROOT)/mvc-rw/Resources/Info.plist";
				LD_RUNPATH_SEARCH_PATHS = (
					"$(inherited)",
					"@executable_path/Frameworks",
				);
				PRODUCT_BUNDLE_IDENTIFIER = "br.hoffsilva.mvc-rw";
				PRODUCT_NAME = "$(TARGET_NAME)";
				SWIFT_VERSION = 4.2;
				TARGETED_DEVICE_FAMILY = "1,2";
			};
			name = Debug;
		};
		0BF4420F21DD77AD004AEDFB /* Release */ = {
			isa = XCBuildConfiguration;
			buildSettings = {
				ASSETCATALOG_COMPILER_APPICON_NAME = AppIcon;
				CODE_SIGN_STYLE = Automatic;
				DEVELOPMENT_TEAM = C434CHPZ37;
				INFOPLIST_FILE = "$(SRCROOT)/mvc-rw/Resources/Info.plist";
				LD_RUNPATH_SEARCH_PATHS = (
					"$(inherited)",
					"@executable_path/Frameworks",
				);
				PRODUCT_BUNDLE_IDENTIFIER = "br.hoffsilva.mvc-rw";
				PRODUCT_NAME = "$(TARGET_NAME)";
				SWIFT_VERSION = 4.2;
				TARGETED_DEVICE_FAMILY = "1,2";
			};
			name = Release;
		};
/* End XCBuildConfiguration section */

/* Begin XCConfigurationList section */
		0BF441F621DD77AB004AEDFB /* Build configuration list for PBXProject "mvc-rw" */ = {
			isa = XCConfigurationList;
			buildConfigurations = (
				0BF4420B21DD77AD004AEDFB /* Debug */,
				0BF4420C21DD77AD004AEDFB /* Release */,
			);
			defaultConfigurationIsVisible = 0;
			defaultConfigurationName = Release;
		};
		0BF4420D21DD77AD004AEDFB /* Build configuration list for PBXNativeTarget "mvc-rw" */ = {
			isa = XCConfigurationList;
			buildConfigurations = (
				0BF4420E21DD77AD004AEDFB /* Debug */,
				0BF4420F21DD77AD004AEDFB /* Release */,
			);
			defaultConfigurationIsVisible = 0;
			defaultConfigurationName = Release;
		};
/* End XCConfigurationList section */
	};
	rootObject = 0BF441F321DD77AB004AEDFB /* Project object */;
}
